{
  "name": "arch-studio-multi-page-website",
  "version": "1.0.0",
  "lockfileVersion": 1,
  "requires": true,
  "dependencies": {
    "@builder.io/partytown": {
      "version": "0.7.3",
      "resolved": "https://registry.npmjs.org/@builder.io/partytown/-/partytown-0.7.3.tgz",
      "integrity": "sha512-hA6WYBFD/exyrEvs0JSvQIILfH0/Jlr5amqE3lt1nPehCus+eQm4ob3LBMRkSaFDWz9clHSLtsGwG52dUjGy3g=="
    }
  }
}
